<?xml version="1.0" encoding="utf-8"?>
<Project ToolsVersion="4.0" xmlns="http://schemas.microsoft.com/developer/msbuild/2003">
  <ItemGroup>
    <Filter Include="源文件">
      <UniqueIdentifier>{4FC737F1-C7A5-4376-A066-2A32D752A2FF}</UniqueIdentifier>
      <Extensions>cpp;c;cc;cxx;def;odl;idl;hpj;bat;asm;asmx</Extensions>
    </Filter>
    <Filter Include="头文件">
      <UniqueIdentifier>{93995380-89BD-4b04-88EB-625FBE52EBFB}</UniqueIdentifier>
      <Extensions>h;hh;hpp;hxx;hm;inl;inc;xsd</Extensions>
    </Filter>
    <Filter Include="资源文件">
      <UniqueIdentifier>{67DA6AB6-F800-4c08-8B7A-83BB121AAD01}</UniqueIdentifier>
      <Extensions>rc;ico;cur;bmp;dlg;rc2;rct;bin;rgs;gif;jpg;jpeg;jpe;resx;tiff;tif;png;wav;mfcribbon-ms</Extensions>
    </Filter>
    <Filter Include="资源文件\hello_triangle">
      <UniqueIdentifier>{a1a8348c-ddc6-4f16-ae5a-6bff2b2621de}</UniqueIdentifier>
    </Filter>
    <Filter Include="资源文件\shader">
      <UniqueIdentifier>{13e8bf95-8821-4b30-92dd-2994e0d99b6d}</UniqueIdentifier>
    </Filter>
    <Filter Include="资源文件\texture">
      <UniqueIdentifier>{b41ab8e1-964c-47df-94bf-45eb33834c2d}</UniqueIdentifier>
    </Filter>
    <Filter Include="资源文件\shader_mgr">
      <UniqueIdentifier>{8cc711e2-0ce3-4517-bc92-7328c1ce3906}</UniqueIdentifier>
    </Filter>
    <Filter Include="资源文件\transform">
      <UniqueIdentifier>{626e59aa-121e-46dc-9a2a-1508458e97fb}</UniqueIdentifier>
    </Filter>
    <Filter Include="资源文件\lighting">
      <UniqueIdentifier>{2e13f759-e9d3-45ad-9833-4a9926cf8af7}</UniqueIdentifier>
    </Filter>
    <Filter Include="资源文件\camera">
      <UniqueIdentifier>{45f0e775-f28e-4a84-bbe1-5e29ba06de4d}</UniqueIdentifier>
    </Filter>
    <Filter Include="资源文件\mesh">
      <UniqueIdentifier>{0efd1606-fb0a-49df-bb0c-daed55269c9d}</UniqueIdentifier>
    </Filter>
    <Filter Include="资源文件\model">
      <UniqueIdentifier>{563c0733-922d-4657-98c2-a760c6ea926d}</UniqueIdentifier>
    </Filter>
    <Filter Include="资源文件\advanced_opengl">
      <UniqueIdentifier>{8019440d-f97f-4adb-8f36-db863cc31900}</UniqueIdentifier>
    </Filter>
    <Filter Include="资源文件\game">
      <UniqueIdentifier>{f8ca4144-288f-447a-bbe5-29eec6361132}</UniqueIdentifier>
    </Filter>
    <Filter Include="资源文件\game\GameLogic">
      <UniqueIdentifier>{eeeb0463-b5ee-4a0f-9021-81965c15341e}</UniqueIdentifier>
    </Filter>
    <Filter Include="资源文件\game\engine">
      <UniqueIdentifier>{3a6d010f-e0c6-4a90-a604-15f192505a99}</UniqueIdentifier>
    </Filter>
    <Filter Include="资源文件\game\window">
      <UniqueIdentifier>{102d3534-8f71-433a-83bb-62d661215664}</UniqueIdentifier>
    </Filter>
    <Filter Include="资源文件\game\GObject">
      <UniqueIdentifier>{5c33f04c-a67b-40bd-8269-8b802d9743cd}</UniqueIdentifier>
    </Filter>
    <Filter Include="资源文件\game\gabage">
      <UniqueIdentifier>{2d4d5b31-e309-499f-9433-33fad8b06ea4}</UniqueIdentifier>
    </Filter>
    <Filter Include="资源文件\game\scheduler">
      <UniqueIdentifier>{66df2bb9-23ad-4ac1-af96-beef0f69081a}</UniqueIdentifier>
    </Filter>
    <Filter Include="资源文件\game\GHash">
      <UniqueIdentifier>{ab6dc1ba-4bbb-455c-b977-8fda8d6cee18}</UniqueIdentifier>
    </Filter>
    <Filter Include="资源文件\game\GRender">
      <UniqueIdentifier>{6dc9875b-276e-469f-90a4-81644308a9b6}</UniqueIdentifier>
    </Filter>
    <Filter Include="资源文件\game\GRenderCommand">
      <UniqueIdentifier>{183d291d-bd83-428b-b332-19a48efa2079}</UniqueIdentifier>
    </Filter>
    <Filter Include="资源文件\shader_mgr\shader_res">
      <UniqueIdentifier>{65657477-7f6f-4d8c-9afb-b8f4590e3b37}</UniqueIdentifier>
    </Filter>
    <Filter Include="资源文件\game\GRenderCommand\GUI">
      <UniqueIdentifier>{704618ce-ebcb-48f8-a72a-08f416cf90d3}</UniqueIdentifier>
    </Filter>
  </ItemGroup>
  <ItemGroup>
    <ClCompile Include="main.cpp">
      <Filter>资源文件</Filter>
    </ClCompile>
    <ClCompile Include="triangle.cpp">
      <Filter>资源文件\hello_triangle</Filter>
    </ClCompile>
    <ClCompile Include="tri_test_1.cpp">
      <Filter>资源文件\hello_triangle</Filter>
    </ClCompile>
    <ClCompile Include="tri_test2.cpp">
      <Filter>资源文件\hello_triangle</Filter>
    </ClCompile>
    <ClCompile Include="my_triangle.cpp">
      <Filter>资源文件\hello_triangle</Filter>
    </ClCompile>
    <ClCompile Include="my_texture.cpp">
      <Filter>资源文件\texture</Filter>
    </ClCompile>
    <ClCompile Include="my_texture_unit.cpp">
      <Filter>资源文件\texture</Filter>
    </ClCompile>
    <ClCompile Include="texture_re.cpp">
      <Filter>资源文件\texture</Filter>
    </ClCompile>
    <ClCompile Include="shader_s.cpp">
      <Filter>资源文件\shader</Filter>
    </ClCompile>
    <ClCompile Include="Shader.cpp">
      <Filter>资源文件\shader_mgr</Filter>
    </ClCompile>
    <ClCompile Include="transform.cpp">
      <Filter>资源文件\transform</Filter>
    </ClCompile>
    <ClCompile Include="color_light.cpp">
      <Filter>资源文件\lighting</Filter>
    </ClCompile>
    <ClCompile Include="basic_color_light.cpp">
      <Filter>资源文件\lighting</Filter>
    </ClCompile>
    <ClCompile Include="Camera.cpp">
      <Filter>资源文件\camera</Filter>
    </ClCompile>
    <ClCompile Include="camera_basic_light_test.cpp">
      <Filter>资源文件\lighting</Filter>
    </ClCompile>
    <ClCompile Include="camera_light_test.cpp">
      <Filter>资源文件\lighting</Filter>
    </ClCompile>
    <ClCompile Include="..\glfwproject\src\glad.c">
      <Filter>源文件</Filter>
    </ClCompile>
    <ClCompile Include="lighting_materials.cpp">
      <Filter>资源文件\lighting</Filter>
    </ClCompile>
    <ClCompile Include="lighting_map.cpp">
      <Filter>资源文件\lighting</Filter>
    </ClCompile>
    <ClCompile Include="lighting_casters.cpp">
      <Filter>资源文件\lighting</Filter>
    </ClCompile>
    <ClCompile Include="Mesh.cpp">
      <Filter>资源文件\mesh</Filter>
    </ClCompile>
    <ClCompile Include="Model.cpp">
      <Filter>资源文件\model</Filter>
    </ClCompile>
    <ClCompile Include="ModelTest.cpp">
      <Filter>资源文件\model</Filter>
    </ClCompile>
    <ClCompile Include="DepthTest.cpp">
      <Filter>资源文件\advanced_opengl</Filter>
    </ClCompile>
    <ClCompile Include="StencilTest.cpp">
      <Filter>资源文件\advanced_opengl</Filter>
    </ClCompile>
    <ClCompile Include="Blend.cpp">
      <Filter>资源文件\advanced_opengl</Filter>
    </ClCompile>
    <ClCompile Include="FaceCulling.cpp">
      <Filter>资源文件\advanced_opengl</Filter>
    </ClCompile>
    <ClCompile Include="FrameBuffer.cpp">
      <Filter>资源文件\advanced_opengl</Filter>
    </ClCompile>
    <ClCompile Include="Game.cpp">
      <Filter>资源文件\game</Filter>
    </ClCompile>
    <ClCompile Include="GameLogic.cpp">
      <Filter>资源文件\game\GameLogic</Filter>
    </ClCompile>
    <ClCompile Include="GEngine.cpp">
      <Filter>资源文件\game\engine</Filter>
    </ClCompile>
    <ClCompile Include="GWin.cpp">
      <Filter>资源文件\game\window</Filter>
    </ClCompile>
    <ClCompile Include="GRef.cpp">
      <Filter>资源文件\game\GObject</Filter>
    </ClCompile>
    <ClCompile Include="AutoReleasePool.cpp">
      <Filter>资源文件\game\gabage</Filter>
    </ClCompile>
    <ClCompile Include="GScheduler.cpp">
      <Filter>资源文件\game\scheduler</Filter>
    </ClCompile>
    <ClCompile Include="GRender.cpp">
      <Filter>资源文件\game\GRender</Filter>
    </ClCompile>
    <ClCompile Include="RenderCommand.cpp">
      <Filter>资源文件\game\GRenderCommand</Filter>
    </ClCompile>
    <ClCompile Include="TriangleCommand.cpp">
      <Filter>资源文件\game\GRenderCommand</Filter>
    </ClCompile>
    <ClCompile Include="GNode.cpp">
      <Filter>资源文件\game\GRenderCommand\GUI</Filter>
    </ClCompile>
    <ClCompile Include="GSprite.cpp">
      <Filter>资源文件\game\GRenderCommand\GUI</Filter>
    </ClCompile>
  </ItemGroup>
  <ItemGroup>
    <ClInclude Include="Shader.h">
      <Filter>资源文件\shader_mgr</Filter>
    </ClInclude>
    <ClInclude Include="Camera.h">
      <Filter>资源文件\camera</Filter>
    </ClInclude>
    <ClInclude Include="Mesh.h">
      <Filter>资源文件\mesh</Filter>
    </ClInclude>
    <ClInclude Include="Model.h">
      <Filter>资源文件\model</Filter>
    </ClInclude>
    <ClInclude Include="GameLogic.h">
      <Filter>资源文件\game\GameLogic</Filter>
    </ClInclude>
    <ClInclude Include="GEngine.h">
      <Filter>资源文件\game\engine</Filter>
    </ClInclude>
    <ClInclude Include="GWin.h">
      <Filter>资源文件\game\window</Filter>
    </ClInclude>
    <ClInclude Include="GRef.h">
      <Filter>资源文件\game\GObject</Filter>
    </ClInclude>
    <ClInclude Include="AutoReleasePool.h">
      <Filter>资源文件\game\gabage</Filter>
    </ClInclude>
    <ClInclude Include="GScheduler.h">
      <Filter>资源文件\game\scheduler</Filter>
    </ClInclude>
    <ClInclude Include="GRender.h">
      <Filter>资源文件\game\GRender</Filter>
    </ClInclude>
    <ClInclude Include="RenderCommand.h">
      <Filter>资源文件\game\GRenderCommand</Filter>
    </ClInclude>
    <ClInclude Include="TriangleCommand.h">
      <Filter>资源文件\game\GRenderCommand</Filter>
    </ClInclude>
    <ClInclude Include="GNode.h">
      <Filter>资源文件\game\GRenderCommand\GUI</Filter>
    </ClInclude>
    <ClInclude Include="GSprite.h">
      <Filter>资源文件\game\GRenderCommand\GUI</Filter>
    </ClInclude>
  </ItemGroup>
  <ItemGroup>
    <None Include="sample_vertex.vs">
      <Filter>资源文件\shader_mgr\shader_res</Filter>
    </None>
    <None Include="sample_frag.fs">
      <Filter>资源文件\shader_mgr\shader_res</Filter>
    </None>
    <None Include="transform.vs">
      <Filter>资源文件\shader_mgr\shader_res</Filter>
    </None>
    <None Include="transform.fs">
      <Filter>资源文件\shader_mgr\shader_res</Filter>
    </None>
    <None Include="color_light.fs">
      <Filter>资源文件\shader_mgr\shader_res</Filter>
    </None>
    <None Include="color_light.vs">
      <Filter>资源文件\shader_mgr\shader_res</Filter>
    </None>
    <None Include="color_light_l.fs">
      <Filter>资源文件\shader_mgr\shader_res</Filter>
    </None>
    <None Include="color_light_l.vs">
      <Filter>资源文件\shader_mgr\shader_res</Filter>
    </None>
    <None Include="basic_color_light.fs">
      <Filter>资源文件\shader_mgr\shader_res</Filter>
    </None>
    <None Include="basic_color_light.vs">
      <Filter>资源文件\shader_mgr\shader_res</Filter>
    </None>
    <None Include="camera_light_test.vs">
      <Filter>资源文件\shader_mgr\shader_res</Filter>
    </None>
    <None Include="camera_light_test.fs">
      <Filter>资源文件\shader_mgr\shader_res</Filter>
    </None>
    <None Include="camera_light_test_light.vs">
      <Filter>资源文件\shader_mgr\shader_res</Filter>
    </None>
    <None Include="camera_light_test_light.fs">
      <Filter>资源文件\shader_mgr\shader_res</Filter>
    </None>
    <None Include="camera_light_test_1.fs">
      <Filter>资源文件\shader_mgr\shader_res</Filter>
    </None>
    <None Include="camera_light_test_1.vs">
      <Filter>资源文件\shader_mgr\shader_res</Filter>
    </None>
    <None Include="light_materials.vs">
      <Filter>资源文件\shader_mgr\shader_res</Filter>
    </None>
    <None Include="light_materials.fs">
      <Filter>资源文件\shader_mgr\shader_res</Filter>
    </None>
    <None Include="lighting_map.vs">
      <Filter>资源文件\shader_mgr\shader_res</Filter>
    </None>
    <None Include="lighting_map.fs">
      <Filter>资源文件\shader_mgr\shader_res</Filter>
    </None>
    <None Include="lighting_caster.fs">
      <Filter>资源文件\shader_mgr\shader_res</Filter>
    </None>
    <None Include="model_test.vs">
      <Filter>资源文件\shader_mgr\shader_res</Filter>
    </None>
    <None Include="model_test.fs">
      <Filter>资源文件\shader_mgr\shader_res</Filter>
    </None>
    <None Include="depth_test_cube.vs">
      <Filter>资源文件\shader_mgr\shader_res</Filter>
    </None>
    <None Include="depth_test_cube.fs">
      <Filter>资源文件\shader_mgr\shader_res</Filter>
    </None>
    <None Include="depth_test_plane.vs">
      <Filter>资源文件\shader_mgr\shader_res</Filter>
    </None>
    <None Include="depth_test_plane.fs">
      <Filter>资源文件\shader_mgr\shader_res</Filter>
    </None>
    <None Include="stencil_test_outline.vs">
      <Filter>资源文件\shader_mgr\shader_res</Filter>
    </None>
    <None Include="stencil_test_outline.fs">
      <Filter>资源文件\shader_mgr\shader_res</Filter>
    </None>
    <None Include="blend_vs.vs">
      <Filter>资源文件\shader_mgr\shader_res</Filter>
    </None>
    <None Include="blend_fs.fs">
      <Filter>资源文件\shader_mgr\shader_res</Filter>
    </None>
    <None Include="blend_discard_cube.fs">
      <Filter>资源文件\shader_mgr\shader_res</Filter>
    </None>
    <None Include="blend_discard_cube.vs">
      <Filter>资源文件\shader_mgr\shader_res</Filter>
    </None>
    <None Include="fb_cube.vs">
      <Filter>资源文件\shader_mgr\shader_res</Filter>
    </None>
    <None Include="fb_cube.fs">
      <Filter>资源文件\shader_mgr\shader_res</Filter>
    </None>
  </ItemGroup>
  <ItemGroup>
    <Text Include="lighting_caster.vs">
      <Filter>资源文件\shader_mgr\shader_res</Filter>
    </Text>
  </ItemGroup>
</Project>